{
    "name": "traefik-dns-manager",
    "version": "1.0.0",
    "lockfileVersion": 3,
    "requires": true,
    "packages": {
      "": {
        "name": "traefik-dns-manager",
        "version": "1.0.0",
        "license": "MIT",
        "dependencies": {
          "axios": "^1.6.5",
          "dockerode": "^4.0.0"
        }
      },
      "node_modules/@balena/dockerignore": {
        "version": "1.0.2",
        "resolved": "https://registry.npmjs.org/@balena/dockerignore/-/dockerignore-1.0.2.tgz",
        "integrity": "sha512-wMue2Sy4GAVTk6Ic4tJVcnfdau+gx2EnG7S+uAEe+TWJFqE4YoWN4/H8MSLj4eYJKxGg26lZwboEniNiNwZQ6Q=="
      },
      "node_modules/axios": {
        "version": "1.6.5",
        "resolved": "https://registry.npmjs.org/axios/-/axios-1.6.5.tgz",
        "integrity": "sha512-Jc9H4zS5L/LQ/RB+IdKjRutN7Q8wyLn4PjpTUEYKNhNzQcQRwQTHgc+SXnUtI/y13hrJR7RzUbfZ4/91O07Iow==",
        "dependencies": {
          "follow-redirects": "^1.15.4",
          "form-data": "^4.0.0",
          "proxy-from-env": "^1.1.0"
        }
      },
      "node_modules/dockerode": {
        "version": "4.0.0",
        "resolved": "https://registry.npmjs.org/dockerode/-/dockerode-4.0.0.tgz",
        "integrity": "sha512-HyA1HawZoKR0V4OAOk/4tJR5+lpCLvnGHXZL7WvN7QwBTiYJX2m8WrFkOZRvYKWGxDJzHnJzR3dmmSxhJjjZqw==",
        "dependencies": {
          "@balena/dockerignore": "^1.0.2",
          "concat-stream": "~2.0.0",
          "docker-modem": "^5.0.3",
          "tar-fs": "~3.0.4"
        },
        "engines": {
          "node": ">= 8.0"
        }
      }
    }
  }
